Microsoft Visual Studio Solution File, Format Version 11.00
# Visual Studio 2008

Project("{BC54F050-D93F-FA76-AD87-9AA00103426C}") = "Changan", "Assembly-CSharp-vs.csproj", "{DA8F1425-1040-4B1C-E28E-A46B8A4F56F8}"
EndProject
Project("{BC54F050-D93F-FA76-AD87-9AA00103426C}") = "Changan", "Assembly-CSharp-Editor-vs.csproj", "{1FCF1CF7-F012-37D6-5919-0A5A4EF128F1}"
EndProject
Global
	GlobalSection(SolutionConfigurationPlatforms) = preSolution
		Debug|Any CPU = Debug|Any CPU
		Release|Any CPU = Release|Any CPU
	EndGlobalSection
	GlobalSection(ProjectConfigurationPlatforms) = postSolution
		{DA8F1425-1040-4B1C-E28E-A46B8A4F56F8}.Debug|Any CPU.ActiveCfg = Debug|Any CPU
		{DA8F1425-1040-4B1C-E28E-A46B8A4F56F8}.Debug|Any CPU.Build.0 = Debug|Any CPU
		{DA8F1425-1040-4B1C-E28E-A46B8A4F56F8}.Release|Any CPU.ActiveCfg = Release|Any CPU
		{DA8F1425-1040-4B1C-E28E-A46B8A4F56F8}.Release|Any CPU.Build.0 = Release|Any CPU
		{1FCF1CF7-F012-37D6-5919-0A5A4EF128F1}.Debug|Any CPU.ActiveCfg = Debug|Any CPU
		{1FCF1CF7-F012-37D6-5919-0A5A4EF128F1}.Debug|Any CPU.Build.0 = Debug|Any CPU
		{1FCF1CF7-F012-37D6-5919-0A5A4EF128F1}.Release|Any CPU.ActiveCfg = Release|Any CPU
		{1FCF1CF7-F012-37D6-5919-0A5A4EF128F1}.Release|Any CPU.Build.0 = Release|Any CPU
	EndGlobalSection
	GlobalSection(SolutionProperties) = preSolution
		HideSolutionNode = FALSE
	EndGlobalSection
																																																																																													GlobalSection(MonoDevelopProperties) = preSolution
		StartupItem = Assembly-CSharp.csproj
		Policies = $0
		$0.TextStylePolicy = $1
		$1.inheritsSet = null
		$1.scope = text/x-csharp
		$0.CSharpFormattingPolicy = $2
		$2.inheritsSet = Mono
		$2.inheritsScope = text/x-csharp
		$2.scope = text/x-csharp
		$0.TextStylePolicy = $3
		$3.FileWidth = 120
		$3.TabWidth = 4
		$3.IndentWidth = 4
		$3.EolMarker = Unix
		$3.inheritsSet = Mono
		$3.inheritsScope = text/plain
		$3.scope = text/plain
	EndGlobalSection

EndGlobal
